
Microsoft Visual Studio Solution File, Format Version 12.00
# Visual Studio Version 16
VisualStudioVersion = 16.0.31205.134
MinimumVisualStudioVersion = 10.0.40219.1
Project("{FAE04EC0-301F-11D3-BF4B-00C04F79EFBC}") = "ProjectCOVID19", "ProjectCOVID19\ProjectCOVID19.csproj", "{9D50F473-3AA5-449C-A682-BC9A1C8BDB4C}"
EndProject
Global
	GlobalSection(SolutionConfigurationPlatforms) = preSolution
		Debug|Any CPU = Debug|Any CPU
		Release|Any CPU = Release|Any CPU
	EndGlobalSection
	GlobalSection(ProjectConfigurationPlatforms) = postSolution
		{9D50F473-3AA5-449C-A682-BC9A1C8BDB4C}.Debug|Any CPU.ActiveCfg = Debug|Any CPU
		{9D50F473-3AA5-449C-A682-BC9A1C8BDB4C}.Debug|Any CPU.Build.0 = Debug|Any CPU
		{9D50F473-3AA5-449C-A682-BC9A1C8BDB4C}.Release|Any CPU.ActiveCfg = Release|Any CPU
		{9D50F473-3AA5-449C-A682-BC9A1C8BDB4C}.Release|Any CPU.Build.0 = Release|Any CPU
	EndGlobalSection
	GlobalSection(SolutionProperties) = preSolution
		HideSolutionNode = FALSE
	EndGlobalSection
	GlobalSection(ExtensibilityGlobals) = postSolution
		SolutionGuid = {328E348B-CF07-4BDB-B218-97F7D5A3C302}
	EndGlobalSection
EndGlobal
